
Microsoft Visual Studio Solution File, Format Version 12.00
# Visual Studio Version 17
VisualStudioVersion = 17.7.34031.279
MinimumVisualStudioVersion = 10.0.40219.1
Project("{8BC9CEB8-8B4A-11D0-8D11-00A0C91BC942}") = "CalculatorTutorial", "CalculatorTutorial\CalculatorTutorial.vcxproj", "{05B02009-9B2E-4916-9DEB-86FEA1F467ED}"
EndProject
Project("{8BC9CEB8-8B4A-11D0-8D11-00A0C91BC942}") = "WinRTConsoleApp", "WinRTConsoleApp\WinRTConsoleApp.vcxproj", "{C60B4A1E-17E9-4D8D-ABE0-4500B1BA1B9E}"
EndProject
Project("{2150E333-8FDC-42A3-9474-1A3956D46DE8}") = "Solution Items", "Solution Items", "{A384EC5D-4566-4268-AA6D-144D10D78724}"
	ProjectSection(SolutionItems) = preProject
		Readme.md = Readme.md
	EndProjectSection
EndProject
Project("{8BC9CEB8-8B4A-11D0-8D11-00A0C91BC942}") = "HelloWorld", "HelloWorld\HelloWorld.vcxproj", "{F6AFB7DD-919F-4408-A315-76F67CFC2691}"
EndProject
Project("{8BC9CEB8-8B4A-11D0-8D11-00A0C91BC942}") = "Typedef_Sample", "Typedef_Sample\Typedef_Sample.vcxproj", "{E88A862B-8A6B-472B-8716-1A191EE5E5C4}"
EndProject
Project("{8BC9CEB8-8B4A-11D0-8D11-00A0C91BC942}") = "TypeConversion_Sample", "TypeConversion_Sample\TypeConversion_Sample.vcxproj", "{9EA14F58-F043-473C-9D17-67950D88AACF}"
EndProject
Project("{8BC9CEB8-8B4A-11D0-8D11-00A0C91BC942}") = "MathExample", "MathExample\MathExample.vcxproj", "{368A03F4-8B99-40D3-AF37-310212EFDA5D}"
EndProject
Project("{8BC9CEB8-8B4A-11D0-8D11-00A0C91BC942}") = "SwitchExample", "SwitchExample\SwitchExample.vcxproj", "{D123C316-842E-4A50-B20E-751ACAEFF2A9}"
EndProject
Project("{8BC9CEB8-8B4A-11D0-8D11-00A0C91BC942}") = "TempConversion", "TempConversion\TempConversion.vcxproj", "{13099DA0-B517-4C41-B67C-BCC2E480DFF7}"
EndProject
Project("{8BC9CEB8-8B4A-11D0-8D11-00A0C91BC942}") = "WindowsDesktopApp", "WindowsDesktopApp\WindowsDesktopApp.vcxproj", "{D11A399E-9BAB-4C3B-B18E-1538DC3818F3}"
EndProject
Project("{8BC9CEB8-8B4A-11D0-8D11-00A0C91BC942}") = "FunctionExample", "FunctionExample\FunctionExample.vcxproj", "{B141F026-36D9-4735-8602-6EE6A3CF9A6F}"
EndProject
Global
	GlobalSection(SolutionConfigurationPlatforms) = preSolution
		Debug|x64 = Debug|x64
		Debug|x86 = Debug|x86
		Release|x64 = Release|x64
		Release|x86 = Release|x86
	EndGlobalSection
	GlobalSection(ProjectConfigurationPlatforms) = postSolution
		{05B02009-9B2E-4916-9DEB-86FEA1F467ED}.Debug|x64.ActiveCfg = Debug|x64
		{05B02009-9B2E-4916-9DEB-86FEA1F467ED}.Debug|x64.Build.0 = Debug|x64
		{05B02009-9B2E-4916-9DEB-86FEA1F467ED}.Debug|x86.ActiveCfg = Debug|Win32
		{05B02009-9B2E-4916-9DEB-86FEA1F467ED}.Debug|x86.Build.0 = Debug|Win32
		{05B02009-9B2E-4916-9DEB-86FEA1F467ED}.Release|x64.ActiveCfg = Release|x64
		{05B02009-9B2E-4916-9DEB-86FEA1F467ED}.Release|x64.Build.0 = Release|x64
		{05B02009-9B2E-4916-9DEB-86FEA1F467ED}.Release|x86.ActiveCfg = Release|Win32
		{05B02009-9B2E-4916-9DEB-86FEA1F467ED}.Release|x86.Build.0 = Release|Win32
		{C60B4A1E-17E9-4D8D-ABE0-4500B1BA1B9E}.Debug|x64.ActiveCfg = Debug|x64
		{C60B4A1E-17E9-4D8D-ABE0-4500B1BA1B9E}.Debug|x64.Build.0 = Debug|x64
		{C60B4A1E-17E9-4D8D-ABE0-4500B1BA1B9E}.Debug|x86.ActiveCfg = Debug|Win32
		{C60B4A1E-17E9-4D8D-ABE0-4500B1BA1B9E}.Debug|x86.Build.0 = Debug|Win32
		{C60B4A1E-17E9-4D8D-ABE0-4500B1BA1B9E}.Release|x64.ActiveCfg = Release|x64
		{C60B4A1E-17E9-4D8D-ABE0-4500B1BA1B9E}.Release|x64.Build.0 = Release|x64
		{C60B4A1E-17E9-4D8D-ABE0-4500B1BA1B9E}.Release|x86.ActiveCfg = Release|Win32
		{C60B4A1E-17E9-4D8D-ABE0-4500B1BA1B9E}.Release|x86.Build.0 = Release|Win32
		{F6AFB7DD-919F-4408-A315-76F67CFC2691}.Debug|x64.ActiveCfg = Debug|x64
		{F6AFB7DD-919F-4408-A315-76F67CFC2691}.Debug|x64.Build.0 = Debug|x64
		{F6AFB7DD-919F-4408-A315-76F67CFC2691}.Debug|x86.ActiveCfg = Debug|Win32
		{F6AFB7DD-919F-4408-A315-76F67CFC2691}.Debug|x86.Build.0 = Debug|Win32
		{F6AFB7DD-919F-4408-A315-76F67CFC2691}.Release|x64.ActiveCfg = Release|x64
		{F6AFB7DD-919F-4408-A315-76F67CFC2691}.Release|x64.Build.0 = Release|x64
		{F6AFB7DD-919F-4408-A315-76F67CFC2691}.Release|x86.ActiveCfg = Release|Win32
		{F6AFB7DD-919F-4408-A315-76F67CFC2691}.Release|x86.Build.0 = Release|Win32
		{E88A862B-8A6B-472B-8716-1A191EE5E5C4}.Debug|x64.ActiveCfg = Debug|x64
		{E88A862B-8A6B-472B-8716-1A191EE5E5C4}.Debug|x64.Build.0 = Debug|x64
		{E88A862B-8A6B-472B-8716-1A191EE5E5C4}.Debug|x86.ActiveCfg = Debug|Win32
		{E88A862B-8A6B-472B-8716-1A191EE5E5C4}.Debug|x86.Build.0 = Debug|Win32
		{E88A862B-8A6B-472B-8716-1A191EE5E5C4}.Release|x64.ActiveCfg = Release|x64
		{E88A862B-8A6B-472B-8716-1A191EE5E5C4}.Release|x64.Build.0 = Release|x64
		{E88A862B-8A6B-472B-8716-1A191EE5E5C4}.Release|x86.ActiveCfg = Release|Win32
		{E88A862B-8A6B-472B-8716-1A191EE5E5C4}.Release|x86.Build.0 = Release|Win32
		{9EA14F58-F043-473C-9D17-67950D88AACF}.Debug|x64.ActiveCfg = Debug|x64
		{9EA14F58-F043-473C-9D17-67950D88AACF}.Debug|x64.Build.0 = Debug|x64
		{9EA14F58-F043-473C-9D17-67950D88AACF}.Debug|x86.ActiveCfg = Debug|Win32
		{9EA14F58-F043-473C-9D17-67950D88AACF}.Debug|x86.Build.0 = Debug|Win32
		{9EA14F58-F043-473C-9D17-67950D88AACF}.Release|x64.ActiveCfg = Release|x64
		{9EA14F58-F043-473C-9D17-67950D88AACF}.Release|x64.Build.0 = Release|x64
		{9EA14F58-F043-473C-9D17-67950D88AACF}.Release|x86.ActiveCfg = Release|Win32
		{9EA14F58-F043-473C-9D17-67950D88AACF}.Release|x86.Build.0 = Release|Win32
		{368A03F4-8B99-40D3-AF37-310212EFDA5D}.Debug|x64.ActiveCfg = Debug|x64
		{368A03F4-8B99-40D3-AF37-310212EFDA5D}.Debug|x64.Build.0 = Debug|x64
		{368A03F4-8B99-40D3-AF37-310212EFDA5D}.Debug|x86.ActiveCfg = Debug|Win32
		{368A03F4-8B99-40D3-AF37-310212EFDA5D}.Debug|x86.Build.0 = Debug|Win32
		{368A03F4-8B99-40D3-AF37-310212EFDA5D}.Release|x64.ActiveCfg = Release|x64
		{368A03F4-8B99-40D3-AF37-310212EFDA5D}.Release|x64.Build.0 = Release|x64
		{368A03F4-8B99-40D3-AF37-310212EFDA5D}.Release|x86.ActiveCfg = Release|Win32
		{368A03F4-8B99-40D3-AF37-310212EFDA5D}.Release|x86.Build.0 = Release|Win32
		{D123C316-842E-4A50-B20E-751ACAEFF2A9}.Debug|x64.ActiveCfg = Debug|x64
		{D123C316-842E-4A50-B20E-751ACAEFF2A9}.Debug|x64.Build.0 = Debug|x64
		{D123C316-842E-4A50-B20E-751ACAEFF2A9}.Debug|x86.ActiveCfg = Debug|Win32
		{D123C316-842E-4A50-B20E-751ACAEFF2A9}.Debug|x86.Build.0 = Debug|Win32
		{D123C316-842E-4A50-B20E-751ACAEFF2A9}.Release|x64.ActiveCfg = Release|x64
		{D123C316-842E-4A50-B20E-751ACAEFF2A9}.Release|x64.Build.0 = Release|x64
		{D123C316-842E-4A50-B20E-751ACAEFF2A9}.Release|x86.ActiveCfg = Release|Win32
		{D123C316-842E-4A50-B20E-751ACAEFF2A9}.Release|x86.Build.0 = Release|Win32
		{13099DA0-B517-4C41-B67C-BCC2E480DFF7}.Debug|x64.ActiveCfg = Debug|x64
		{13099DA0-B517-4C41-B67C-BCC2E480DFF7}.Debug|x64.Build.0 = Debug|x64
		{13099DA0-B517-4C41-B67C-BCC2E480DFF7}.Debug|x86.ActiveCfg = Debug|Win32
		{13099DA0-B517-4C41-B67C-BCC2E480DFF7}.Debug|x86.Build.0 = Debug|Win32
		{13099DA0-B517-4C41-B67C-BCC2E480DFF7}.Release|x64.ActiveCfg = Release|x64
		{13099DA0-B517-4C41-B67C-BCC2E480DFF7}.Release|x64.Build.0 = Release|x64
		{13099DA0-B517-4C41-B67C-BCC2E480DFF7}.Release|x86.ActiveCfg = Release|Win32
		{13099DA0-B517-4C41-B67C-BCC2E480DFF7}.Release|x86.Build.0 = Release|Win32
		{D11A399E-9BAB-4C3B-B18E-1538DC3818F3}.Debug|x64.ActiveCfg = Debug|x64
		{D11A399E-9BAB-4C3B-B18E-1538DC3818F3}.Debug|x64.Build.0 = Debug|x64
		{D11A399E-9BAB-4C3B-B18E-1538DC3818F3}.Debug|x86.ActiveCfg = Debug|Win32
		{D11A399E-9BAB-4C3B-B18E-1538DC3818F3}.Debug|x86.Build.0 = Debug|Win32
		{D11A399E-9BAB-4C3B-B18E-1538DC3818F3}.Release|x64.ActiveCfg = Release|x64
		{D11A399E-9BAB-4C3B-B18E-1538DC3818F3}.Release|x64.Build.0 = Release|x64
		{D11A399E-9BAB-4C3B-B18E-1538DC3818F3}.Release|x86.ActiveCfg = Release|Win32
		{D11A399E-9BAB-4C3B-B18E-1538DC3818F3}.Release|x86.Build.0 = Release|Win32
		{B141F026-36D9-4735-8602-6EE6A3CF9A6F}.Debug|x64.ActiveCfg = Debug|x64
		{B141F026-36D9-4735-8602-6EE6A3CF9A6F}.Debug|x64.Build.0 = Debug|x64
		{B141F026-36D9-4735-8602-6EE6A3CF9A6F}.Debug|x86.ActiveCfg = Debug|Win32
		{B141F026-36D9-4735-8602-6EE6A3CF9A6F}.Debug|x86.Build.0 = Debug|Win32
		{B141F026-36D9-4735-8602-6EE6A3CF9A6F}.Release|x64.ActiveCfg = Release|x64
		{B141F026-36D9-4735-8602-6EE6A3CF9A6F}.Release|x64.Build.0 = Release|x64
		{B141F026-36D9-4735-8602-6EE6A3CF9A6F}.Release|x86.ActiveCfg = Release|Win32
		{B141F026-36D9-4735-8602-6EE6A3CF9A6F}.Release|x86.Build.0 = Release|Win32
	EndGlobalSection
	GlobalSection(SolutionProperties) = preSolution
		HideSolutionNode = FALSE
	EndGlobalSection
	GlobalSection(ExtensibilityGlobals) = postSolution
		SolutionGuid = {6DD1FD1F-52C3-42D6-BB74-9654C9A8A7EF}
	EndGlobalSection
EndGlobal
